<Solution>
  <Configurations>
    <Platform Name="x64" />
    <Platform Name="x86" />
  </Configurations>
  <Project Path="ClassesAndStructs/ClassesAndStructs.vcxproj" Id="f57c0613-99e3-453b-b6d3-d95303304378" />
  <Project Path="HelloWorld/HelloWorld.vcxproj" Id="3be2cf1e-beb3-47a7-a0fe-0dde65a8cbe5" />
  <Project Path="Inheritance/Inheritance.vcxproj" Id="3d57b650-46bb-4835-8d45-9d5d148f4900" />
  <Project Path="Logger/Logger.vcxproj" Id="c85b374d-8e21-4661-bec3-2d7767017d5c" />
  <Project Path="Pointers/Pointers.vcxproj" Id="e1f25adf-668d-427e-a4a5-4fc498d5eabc" />
  <Project Path="Static/Static.vcxproj" Id="8afd7a84-9463-4582-9efa-2a15ead07af5" />
</Solution>
